PODS:
  - GraphQL (0.0.5):
    - GraphQL/Resources (= 0.0.5)
  - GraphQL/Resources (0.0.5)

DEPENDENCIES:
  - GraphQL (from `../`)

EXTERNAL SOURCES:
  GraphQL:
    :path: "../"

SPEC CHECKSUMS:
  GraphQL: 232ad1b92b1d43cfe8d64a3584c7e69d320b452f

PODFILE CHECKSUM: 3ef658026d4fe28d4019b2c062bad876d3c2c4ec

COCOAPODS: 1.2.0
